
Microsoft Visual Studio Solution File, Format Version 12.00
# Visual Studio 15
VisualStudioVersion = 15.0.27703.2035
MinimumVisualStudioVersion = 10.0.40219.1
Project("{2150E333-8FDC-42A3-9474-1A3956D46DE8}") = "LSP", "LSP", "{6158D4D2-E499-4F07-8971-C5FB6F07CA34}"
EndProject
Project("{FAE04EC0-301F-11D3-BF4B-00C04F79EFBC}") = "LSP_Problem", "LSP\LSP\LSP_Problem.csproj", "{6984339F-A8E2-4A78-82AC-19A66F603012}"
EndProject
Project("{FAE04EC0-301F-11D3-BF4B-00C04F79EFBC}") = "LSP_With_Solution", "LSP\LSP_With_Solution\LSP_With_Solution.csproj", "{6C40CCC6-D10B-4548-B683-BDFBE37D81A8}"
EndProject
Project("{2150E333-8FDC-42A3-9474-1A3956D46DE8}") = "DIP", "DIP", "{30B971F4-F22A-4B14-A053-94552C0344BF}"
EndProject
Project("{FAE04EC0-301F-11D3-BF4B-00C04F79EFBC}") = "DIP_Problem", "DIP\DIP_Problem\DIP_Problem.csproj", "{A1147F32-E891-4419-A6C3-5850753371C1}"
EndProject
Project("{FAE04EC0-301F-11D3-BF4B-00C04F79EFBC}") = "DIP_Solution", "DIP\DIP_Solution\DIP_Solution.csproj", "{E5C9C21D-0B0B-470C-9B6E-97E4128C1A11}"
EndProject
Project("{2150E333-8FDC-42A3-9474-1A3956D46DE8}") = "OCP", "OCP", "{690106F3-BFE7-4195-A6E3-7B7E00DD2389}"
EndProject
Project("{2150E333-8FDC-42A3-9474-1A3956D46DE8}") = "SRP", "SRP", "{6F1444EB-A260-464D-A09D-C17B59B88A2D}"
EndProject
Project("{2150E333-8FDC-42A3-9474-1A3956D46DE8}") = "ISP", "ISP", "{E8F8603E-0B8F-4C9B-A0B8-263A462A8097}"
EndProject
Project("{FAE04EC0-301F-11D3-BF4B-00C04F79EFBC}") = "SRP_Problem", "SRP\SRP_Problem\SRP_Problem.csproj", "{3EBA2356-7407-437E-A48A-E248EFC65679}"
EndProject
Project("{FAE04EC0-301F-11D3-BF4B-00C04F79EFBC}") = "SRP_Solution", "SRP\SRP_Solution\SRP_Solution.csproj", "{F360EDD1-A8A1-492D-9A89-8456DA886C78}"
EndProject
Global
	GlobalSection(SolutionConfigurationPlatforms) = preSolution
		Debug|Any CPU = Debug|Any CPU
		Release|Any CPU = Release|Any CPU
	EndGlobalSection
	GlobalSection(ProjectConfigurationPlatforms) = postSolution
		{6984339F-A8E2-4A78-82AC-19A66F603012}.Debug|Any CPU.ActiveCfg = Debug|Any CPU
		{6984339F-A8E2-4A78-82AC-19A66F603012}.Debug|Any CPU.Build.0 = Debug|Any CPU
		{6984339F-A8E2-4A78-82AC-19A66F603012}.Release|Any CPU.ActiveCfg = Release|Any CPU
		{6984339F-A8E2-4A78-82AC-19A66F603012}.Release|Any CPU.Build.0 = Release|Any CPU
		{6C40CCC6-D10B-4548-B683-BDFBE37D81A8}.Debug|Any CPU.ActiveCfg = Debug|Any CPU
		{6C40CCC6-D10B-4548-B683-BDFBE37D81A8}.Debug|Any CPU.Build.0 = Debug|Any CPU
		{6C40CCC6-D10B-4548-B683-BDFBE37D81A8}.Release|Any CPU.ActiveCfg = Release|Any CPU
		{6C40CCC6-D10B-4548-B683-BDFBE37D81A8}.Release|Any CPU.Build.0 = Release|Any CPU
		{A1147F32-E891-4419-A6C3-5850753371C1}.Debug|Any CPU.ActiveCfg = Debug|Any CPU
		{A1147F32-E891-4419-A6C3-5850753371C1}.Debug|Any CPU.Build.0 = Debug|Any CPU
		{A1147F32-E891-4419-A6C3-5850753371C1}.Release|Any CPU.ActiveCfg = Release|Any CPU
		{A1147F32-E891-4419-A6C3-5850753371C1}.Release|Any CPU.Build.0 = Release|Any CPU
		{E5C9C21D-0B0B-470C-9B6E-97E4128C1A11}.Debug|Any CPU.ActiveCfg = Debug|Any CPU
		{E5C9C21D-0B0B-470C-9B6E-97E4128C1A11}.Debug|Any CPU.Build.0 = Debug|Any CPU
		{E5C9C21D-0B0B-470C-9B6E-97E4128C1A11}.Release|Any CPU.ActiveCfg = Release|Any CPU
		{E5C9C21D-0B0B-470C-9B6E-97E4128C1A11}.Release|Any CPU.Build.0 = Release|Any CPU
		{3EBA2356-7407-437E-A48A-E248EFC65679}.Debug|Any CPU.ActiveCfg = Debug|Any CPU
		{3EBA2356-7407-437E-A48A-E248EFC65679}.Debug|Any CPU.Build.0 = Debug|Any CPU
		{3EBA2356-7407-437E-A48A-E248EFC65679}.Release|Any CPU.ActiveCfg = Release|Any CPU
		{3EBA2356-7407-437E-A48A-E248EFC65679}.Release|Any CPU.Build.0 = Release|Any CPU
		{F360EDD1-A8A1-492D-9A89-8456DA886C78}.Debug|Any CPU.ActiveCfg = Debug|Any CPU
		{F360EDD1-A8A1-492D-9A89-8456DA886C78}.Debug|Any CPU.Build.0 = Debug|Any CPU
		{F360EDD1-A8A1-492D-9A89-8456DA886C78}.Release|Any CPU.ActiveCfg = Release|Any CPU
		{F360EDD1-A8A1-492D-9A89-8456DA886C78}.Release|Any CPU.Build.0 = Release|Any CPU
	EndGlobalSection
	GlobalSection(SolutionProperties) = preSolution
		HideSolutionNode = FALSE
	EndGlobalSection
	GlobalSection(NestedProjects) = preSolution
		{6984339F-A8E2-4A78-82AC-19A66F603012} = {6158D4D2-E499-4F07-8971-C5FB6F07CA34}
		{6C40CCC6-D10B-4548-B683-BDFBE37D81A8} = {6158D4D2-E499-4F07-8971-C5FB6F07CA34}
		{A1147F32-E891-4419-A6C3-5850753371C1} = {30B971F4-F22A-4B14-A053-94552C0344BF}
		{E5C9C21D-0B0B-470C-9B6E-97E4128C1A11} = {30B971F4-F22A-4B14-A053-94552C0344BF}
		{3EBA2356-7407-437E-A48A-E248EFC65679} = {6F1444EB-A260-464D-A09D-C17B59B88A2D}
		{F360EDD1-A8A1-492D-9A89-8456DA886C78} = {6F1444EB-A260-464D-A09D-C17B59B88A2D}
	EndGlobalSection
	GlobalSection(ExtensibilityGlobals) = postSolution
		SolutionGuid = {D19C8F3D-1040-4E5A-A0F5-BE631323B764}
	EndGlobalSection
EndGlobal
